# This file is automatically @generated by Cargo.
# It is not intended for manual editing.
version = 3

[[package]]
name = "curryrs"
version = "0.2.0"
source = "registry+https://github.com/rust-lang/crates.io-index"
checksum = "eecfd4f23d3144737834aa226a70a8b5e08158ad2e09b66d0205404cf5bcd12f"

[[package]]
name = "rusthello"
version = "0.1.0"
dependencies = [
 "curryrs",
]
